{
  "version": 1,
  "dependencies": {
    "net10.0-windows10.0.19041": {
      "H.NotifyIcon.Wpf": {
        "type": "Direct",
        "requested": "[2.4.1, )",
        "resolved": "2.4.1",
        "contentHash": "aDfDSHCCOWgQoIvAApiog/MhriXibacqANQm+b5GaRCgRg92u5J2QcoW2C+wIblgxhtGx3o32/DCKWRR5C/KLw==",
        "dependencies": {
          "H.NotifyIcon": "2.4.1"
        }
      },
      "WPF-UI": {
        "type": "Direct",
        "requested": "[4.3.0, )",
        "resolved": "4.3.0",
        "contentHash": "SIHhc8lIrhEQ/1cLFZN6Dtf8cqsLm4myBULj9obnacd9TyDs2vizhKYzRzTlcPEcnzb3L4EstvPN3M6kcXbJCA==",
        "dependencies": {
          "WPF-UI.Abstractions": "4.3.0"
        }
      },
      "H.GeneratedIcons.System.Drawing": {
        "type": "Transitive",
        "resolved": "2.4.1",
        "contentHash": "gjYhuwHQzISqKhcNYaRdDhzKCoqLZii+6TTHP0MQf4Q9+H6z4f4A5Xu/j8B8XpFPQ1grCMlQYREvNyNJT9Q/Bg=="
      },
      "H.NotifyIcon": {
        "type": "Transitive",
        "resolved": "2.4.1",
        "contentHash": "nNPgNzo5UHcWYpVLO3AsRlH8fKE9shBA7/WLpZrFZUFbzpKGcLnz15Kmg0pQ851aboAfm3YuHjYFsYQges/pyw==",
        "dependencies": {
          "H.GeneratedIcons.System.Drawing": "2.4.1"
        }
      },
      "WPF-UI.Abstractions": {
        "type": "Transitive",
        "resolved": "4.3.0",
        "contentHash": "7Kj9DmCCo4SOCd1jAiw4+EcMFP2nR8rLLvitAYzVtzbWToTsodkbie24+8x9C4LDLxkopWEUGX62szqqNy7oeg=="
      }
    },
    "net10.0-windows10.0.19041/win-x64": {}
  }
}